
Microsoft Visual Studio Solution File, Format Version 12.00
# Visual Studio 15
VisualStudioVersion = 15.0.26730.3
MinimumVisualStudioVersion = 10.0.40219.1
Project("{FAE04EC0-301F-11D3-BF4B-00C04F79EFBC}") = "CheckListProlins.Api", "CheckListProlins.Api\CheckListProlins.Api.csproj", "{BC1B536F-F74F-494D-B6F9-9BB2E2459FCB}"
EndProject
Project("{FAE04EC0-301F-11D3-BF4B-00C04F79EFBC}") = "CheckListProlins.Core", "CheckListProlins.Core\CheckListProlins.Core.csproj", "{60E94639-528F-41A5-B1E2-A62F0619E12D}"
EndProject
Project("{FAE04EC0-301F-11D3-BF4B-00C04F79EFBC}") = "CheckListProlins.Entidades", "CheckListProlins.Entidades\CheckListProlins.Entidades.csproj", "{77F7402E-3122-474F-829F-48533755A97F}"
EndProject
Project("{FAE04EC0-301F-11D3-BF4B-00C04F79EFBC}") = "CheckListProlins.Injecao", "CheckListProlins.Injecao\CheckListProlins.Injecao.csproj", "{74654018-FD4D-4D64-832C-239A09553D05}"
EndProject
Project("{FAE04EC0-301F-11D3-BF4B-00C04F79EFBC}") = "CheckListProlins.Repositorio", "CheckListProlins.Repositorio\CheckListProlins.Repositorio.csproj", "{517CAD91-252F-4D51-907D-D00CB961B8F2}"
EndProject
Global
	GlobalSection(SolutionConfigurationPlatforms) = preSolution
		Debug|Any CPU = Debug|Any CPU
		Release|Any CPU = Release|Any CPU
	EndGlobalSection
	GlobalSection(ProjectConfigurationPlatforms) = postSolution
		{BC1B536F-F74F-494D-B6F9-9BB2E2459FCB}.Debug|Any CPU.ActiveCfg = Debug|Any CPU
		{BC1B536F-F74F-494D-B6F9-9BB2E2459FCB}.Debug|Any CPU.Build.0 = Debug|Any CPU
		{BC1B536F-F74F-494D-B6F9-9BB2E2459FCB}.Release|Any CPU.ActiveCfg = Release|Any CPU
		{BC1B536F-F74F-494D-B6F9-9BB2E2459FCB}.Release|Any CPU.Build.0 = Release|Any CPU
		{60E94639-528F-41A5-B1E2-A62F0619E12D}.Debug|Any CPU.ActiveCfg = Debug|Any CPU
		{60E94639-528F-41A5-B1E2-A62F0619E12D}.Debug|Any CPU.Build.0 = Debug|Any CPU
		{60E94639-528F-41A5-B1E2-A62F0619E12D}.Release|Any CPU.ActiveCfg = Release|Any CPU
		{60E94639-528F-41A5-B1E2-A62F0619E12D}.Release|Any CPU.Build.0 = Release|Any CPU
		{77F7402E-3122-474F-829F-48533755A97F}.Debug|Any CPU.ActiveCfg = Debug|Any CPU
		{77F7402E-3122-474F-829F-48533755A97F}.Debug|Any CPU.Build.0 = Debug|Any CPU
		{77F7402E-3122-474F-829F-48533755A97F}.Release|Any CPU.ActiveCfg = Release|Any CPU
		{77F7402E-3122-474F-829F-48533755A97F}.Release|Any CPU.Build.0 = Release|Any CPU
		{74654018-FD4D-4D64-832C-239A09553D05}.Debug|Any CPU.ActiveCfg = Debug|Any CPU
		{74654018-FD4D-4D64-832C-239A09553D05}.Debug|Any CPU.Build.0 = Debug|Any CPU
		{74654018-FD4D-4D64-832C-239A09553D05}.Release|Any CPU.ActiveCfg = Release|Any CPU
		{74654018-FD4D-4D64-832C-239A09553D05}.Release|Any CPU.Build.0 = Release|Any CPU
		{517CAD91-252F-4D51-907D-D00CB961B8F2}.Debug|Any CPU.ActiveCfg = Debug|Any CPU
		{517CAD91-252F-4D51-907D-D00CB961B8F2}.Debug|Any CPU.Build.0 = Debug|Any CPU
		{517CAD91-252F-4D51-907D-D00CB961B8F2}.Release|Any CPU.ActiveCfg = Release|Any CPU
		{517CAD91-252F-4D51-907D-D00CB961B8F2}.Release|Any CPU.Build.0 = Release|Any CPU
	EndGlobalSection
	GlobalSection(SolutionProperties) = preSolution
		HideSolutionNode = FALSE
	EndGlobalSection
	GlobalSection(ExtensibilityGlobals) = postSolution
		SolutionGuid = {8FB8326C-1F9D-474B-A451-8B8B35560074}
	EndGlobalSection
EndGlobal
